{
  "name": "flyin-awesome-package-test",
  "lockfileVersion": 3,
  "requires": true,
  "packages": {
    "": {
      "dependencies": {
        "flyin-awesome-package": "^1.0.0"
      }
    },
    "node_modules/flyin-awesome-package": {
      "version": "1.0.2",
      "resolved": "https://registry.npmjs.org/flyin-awesome-package/-/flyin-awesome-package-1.0.2.tgz",
      "integrity": "sha512-tHanAdBJodW/9sjnMjgpsLCo27HZaeQ3HlvdESZvmLhfvMbUEbMw66SWQyzuil5RxPam9e2T4AqHhFUNWHfNkQ==",
      "license": "ISC"
    }
  }
}
